// !$*UTF8*$!
{
	archiveVersion = 1;
	classes = {
	};
	objectVersion = 46;
	objects = {

/* Begin PBXBuildFile section */
		931425F01F532A65007DE3E7 /* HourWeather.swift in Sources */ = {isa = PBXBuildFile; fileRef = 931425EF1F532A65007DE3E7 /* HourWeather.swift */; };
		9344D94E1F56C94300592CD5 /* SignUpVC.swift in Sources */ = {isa = PBXBuildFile; fileRef = 9344D94D1F56C94300592CD5 /* SignUpVC.swift */; };
		9344D9501F56C95400592CD5 /* LoginVC.swift in Sources */ = {isa = PBXBuildFile; fileRef = 9344D94F1F56C95400592CD5 /* LoginVC.swift */; };
		937DFF511F50649500C04FAD /* DayWeather.swift in Sources */ = {isa = PBXBuildFile; fileRef = 937DFF501F50649500C04FAD /* DayWeather.swift */; };
		93B4C6B41F50724C0088A2A0 /* WeatherCollectionViewCell.swift in Sources */ = {isa = PBXBuildFile; fileRef = 93B4C6B31F50724C0088A2A0 /* WeatherCollectionViewCell.swift */; };
		93B4C6B61F50B2A50088A2A0 /* MapViewVC.swift in Sources */ = {isa = PBXBuildFile; fileRef = 93B4C6B51F50B2A50088A2A0 /* MapViewVC.swift */; };
		93CBC7061F50449A00B4FE54 /* AppDelegate.swift in Sources */ = {isa = PBXBuildFile; fileRef = 93CBC7051F50449A00B4FE54 /* AppDelegate.swift */; };
		93CBC70B1F50449A00B4FE54 /* Main.storyboard in Resources */ = {isa = PBXBuildFile; fileRef = 93CBC7091F50449A00B4FE54 /* Main.storyboard */; };
		93CBC70D1F50449A00B4FE54 /* Assets.xcassets in Resources */ = {isa = PBXBuildFile; fileRef = 93CBC70C1F50449A00B4FE54 /* Assets.xcassets */; };
		93CBC7101F50449A00B4FE54 /* LaunchScreen.storyboard in Resources */ = {isa = PBXBuildFile; fileRef = 93CBC70E1F50449A00B4FE54 /* LaunchScreen.storyboard */; };
		93CBC71A1F5045B900B4FE54 /* WeatherCollectionVC.swift in Sources */ = {isa = PBXBuildFile; fileRef = 93CBC7191F5045B900B4FE54 /* WeatherCollectionVC.swift */; };
		93CBC71C1F5045E600B4FE54 /* WeatherDataManager.swift in Sources */ = {isa = PBXBuildFile; fileRef = 93CBC71B1F5045E600B4FE54 /* WeatherDataManager.swift */; };
		93CBC71F1F50484000B4FE54 /* CoreLocation.framework in Frameworks */ = {isa = PBXBuildFile; fileRef = 93CBC71E1F50484000B4FE54 /* CoreLocation.framework */; };
		93D374CC1F51C7C90087068F /* SettingsVC.swift in Sources */ = {isa = PBXBuildFile; fileRef = 93D374CB1F51C7C90087068F /* SettingsVC.swift */; };
/* End PBXBuildFile section */

/* Begin PBXFileReference section */
		931425EF1F532A65007DE3E7 /* HourWeather.swift */ = {isa = PBXFileReference; fileEncoding = 4; lastKnownFileType = sourcecode.swift; path = HourWeather.swift; sourceTree = "<group>"; };
		9344D94D1F56C94300592CD5 /* SignUpVC.swift */ = {isa = PBXFileReference; fileEncoding = 4; lastKnownFileType = sourcecode.swift; path = SignUpVC.swift; sourceTree = "<group>"; };
		9344D94F1F56C95400592CD5 /* LoginVC.swift */ = {isa = PBXFileReference; fileEncoding = 4; lastKnownFileType = sourcecode.swift; path = LoginVC.swift; sourceTree = "<group>"; };
		937DFF501F50649500C04FAD /* DayWeather.swift */ = {isa = PBXFileReference; fileEncoding = 4; lastKnownFileType = sourcecode.swift; path = DayWeather.swift; sourceTree = "<group>"; };
		93B4C6B31F50724C0088A2A0 /* WeatherCollectionViewCell.swift */ = {isa = PBXFileReference; fileEncoding = 4; lastKnownFileType = sourcecode.swift; path = WeatherCollectionViewCell.swift; sourceTree = "<group>"; };
		93B4C6B51F50B2A50088A2A0 /* MapViewVC.swift */ = {isa = PBXFileReference; fileEncoding = 4; lastKnownFileType = sourcecode.swift; path = MapViewVC.swift; sourceTree = "<group>"; };
		93CBC7021F50449A00B4FE54 /* WeatherApp.app */ = {isa = PBXFileReference; explicitFileType = wrapper.application; includeInIndex = 0; path = WeatherApp.app; sourceTree = BUILT_PRODUCTS_DIR; };
		93CBC7051F50449A00B4FE54 /* AppDelegate.swift */ = {isa = PBXFileReference; lastKnownFileType = sourcecode.swift; path = AppDelegate.swift; sourceTree = "<group>"; };
		93CBC70A1F50449A00B4FE54 /* Base */ = {isa = PBXFileReference; lastKnownFileType = file.storyboard; name = Base; path = Base.lproj/Main.storyboard; sourceTree = "<group>"; };
		93CBC70C1F50449A00B4FE54 /* Assets.xcassets */ = {isa = PBXFileReference; lastKnownFileType = folder.assetcatalog; path = Assets.xcassets; sourceTree = "<group>"; };
		93CBC70F1F50449A00B4FE54 /* Base */ = {isa = PBXFileReference; lastKnownFileType = file.storyboard; name = Base; path = Base.lproj/LaunchScreen.storyboard; sourceTree = "<group>"; };
		93CBC7111F50449A00B4FE54 /* Info.plist */ = {isa = PBXFileReference; lastKnownFileType = text.plist.xml; path = Info.plist; sourceTree = "<group>"; };
		93CBC7191F5045B900B4FE54 /* WeatherCollectionVC.swift */ = {isa = PBXFileReference; fileEncoding = 4; lastKnownFileType = sourcecode.swift; path = WeatherCollectionVC.swift; sourceTree = "<group>"; };
		93CBC71B1F5045E600B4FE54 /* WeatherDataManager.swift */ = {isa = PBXFileReference; fileEncoding = 4; lastKnownFileType = sourcecode.swift; path = WeatherDataManager.swift; sourceTree = "<group>"; };
		93CBC71E1F50484000B4FE54 /* CoreLocation.framework */ = {isa = PBXFileReference; lastKnownFileType = wrapper.framework; name = CoreLocation.framework; path = System/Library/Frameworks/CoreLocation.framework; sourceTree = SDKROOT; };
		93D374CB1F51C7C90087068F /* SettingsVC.swift */ = {isa = PBXFileReference; fileEncoding = 4; lastKnownFileType = sourcecode.swift; path = SettingsVC.swift; sourceTree = "<group>"; };
/* End PBXFileReference section */

/* Begin PBXFrameworksBuildPhase section */
		93CBC6FF1F50449A00B4FE54 /* Frameworks */ = {
			isa = PBXFrameworksBuildPhase;
			buildActionMask = 2147483647;
			files = (
				93CBC71F1F50484000B4FE54 /* CoreLocation.framework in Frameworks */,
			);
			runOnlyForDeploymentPostprocessing = 0;
		};
/* End PBXFrameworksBuildPhase section */

/* Begin PBXGroup section */
		93BDB31D1F53242C00DF8F62 /* Controllers */ = {
			isa = PBXGroup;
			children = (
				9344D94D1F56C94300592CD5 /* SignUpVC.swift */,
				9344D94F1F56C95400592CD5 /* LoginVC.swift */,
				93CBC7191F5045B900B4FE54 /* WeatherCollectionVC.swift */,
				93B4C6B51F50B2A50088A2A0 /* MapViewVC.swift */,
				93D374CB1F51C7C90087068F /* SettingsVC.swift */,
			);
			name = Controllers;
			sourceTree = "<group>";
		};
		93BDB31E1F53244600DF8F62 /* Views */ = {
			isa = PBXGroup;
			children = (
				93B4C6B31F50724C0088A2A0 /* WeatherCollectionViewCell.swift */,
			);
			name = Views;
			sourceTree = "<group>";
		};
		93BDB31F1F53244F00DF8F62 /* Models */ = {
			isa = PBXGroup;
			children = (
				93CBC71B1F5045E600B4FE54 /* WeatherDataManager.swift */,
				937DFF501F50649500C04FAD /* DayWeather.swift */,
				931425EF1F532A65007DE3E7 /* HourWeather.swift */,
			);
			name = Models;
			sourceTree = "<group>";
		};
		93BDB3201F53245A00DF8F62 /* Supporting Files */ = {
			isa = PBXGroup;
			children = (
				93CBC7051F50449A00B4FE54 /* AppDelegate.swift */,
				93CBC7091F50449A00B4FE54 /* Main.storyboard */,
				93CBC70C1F50449A00B4FE54 /* Assets.xcassets */,
				93CBC70E1F50449A00B4FE54 /* LaunchScreen.storyboard */,
				93CBC7111F50449A00B4FE54 /* Info.plist */,
			);
			name = "Supporting Files";
			sourceTree = "<group>";
		};
		93CBC6F91F50449A00B4FE54 = {
			isa = PBXGroup;
			children = (
				93CBC7041F50449A00B4FE54 /* WeatherApp */,
				93CBC7031F50449A00B4FE54 /* Products */,
				93CBC71D1F50484000B4FE54 /* Frameworks */,
			);
			sourceTree = "<group>";
		};
		93CBC7031F50449A00B4FE54 /* Products */ = {
			isa = PBXGroup;
			children = (
				93CBC7021F50449A00B4FE54 /* WeatherApp.app */,
			);
			name = Products;
			sourceTree = "<group>";
		};
		93CBC7041F50449A00B4FE54 /* WeatherApp */ = {
			isa = PBXGroup;
			children = (
				93BDB31D1F53242C00DF8F62 /* Controllers */,
				93BDB31E1F53244600DF8F62 /* Views */,
				93BDB31F1F53244F00DF8F62 /* Models */,
				93BDB3201F53245A00DF8F62 /* Supporting Files */,
			);
			path = WeatherApp;
			sourceTree = "<group>";
		};
		93CBC71D1F50484000B4FE54 /* Frameworks */ = {
			isa = PBXGroup;
			children = (
				93CBC71E1F50484000B4FE54 /* CoreLocation.framework */,
			);
			name = Frameworks;
			sourceTree = "<group>";
		};
/* End PBXGroup section */

/* Begin PBXNativeTarget section */
		93CBC7011F50449A00B4FE54 /* WeatherApp */ = {
			isa = PBXNativeTarget;
			buildConfigurationList = 93CBC7141F50449A00B4FE54 /* Build configuration list for PBXNativeTarget "WeatherApp" */;
			buildPhases = (
				93CBC6FE1F50449A00B4FE54 /* Sources */,
				93CBC6FF1F50449A00B4FE54 /* Frameworks */,
				93CBC7001F50449A00B4FE54 /* Resources */,
			);
			buildRules = (
			);
			dependencies = (
			);
			name = WeatherApp;
			productName = WeatherApp;
			productReference = 93CBC7021F50449A00B4FE54 /* WeatherApp.app */;
			productType = "com.apple.product-type.application";
		};
/* End PBXNativeTarget section */

/* Begin PBXProject section */
		93CBC6FA1F50449A00B4FE54 /* Project object */ = {
			isa = PBXProject;
			attributes = {
				LastSwiftUpdateCheck = 0830;
				LastUpgradeCheck = 0830;
				ORGANIZATIONNAME = "George Davies";
				TargetAttributes = {
					93CBC7011F50449A00B4FE54 = {
						CreatedOnToolsVersion = 8.3.3;
						DevelopmentTeam = CALM89H945;
						ProvisioningStyle = Automatic;
					};
				};
			};
			buildConfigurationList = 93CBC6FD1F50449A00B4FE54 /* Build configuration list for PBXProject "WeatherApp" */;
			compatibilityVersion = "Xcode 3.2";
			developmentRegion = English;
			hasScannedForEncodings = 0;
			knownRegions = (
				en,
				Base,
			);
			mainGroup = 93CBC6F91F50449A00B4FE54;
			productRefGroup = 93CBC7031F50449A00B4FE54 /* Products */;
			projectDirPath = "";
			projectRoot = "";
			targets = (
				93CBC7011F50449A00B4FE54 /* WeatherApp */,
			);
		};
/* End PBXProject section */

/* Begin PBXResourcesBuildPhase section */
		93CBC7001F50449A00B4FE54 /* Resources */ = {
			isa = PBXResourcesBuildPhase;
			buildActionMask = 2147483647;
			files = (
				93CBC7101F50449A00B4FE54 /* LaunchScreen.storyboard in Resources */,
				93CBC70D1F50449A00B4FE54 /* Assets.xcassets in Resources */,
				93CBC70B1F50449A00B4FE54 /* Main.storyboard in Resources */,
			);
			runOnlyForDeploymentPostprocessing = 0;
		};
/* End PBXResourcesBuildPhase section */

/* Begin PBXSourcesBuildPhase section */
		93CBC6FE1F50449A00B4FE54 /* Sources */ = {
			isa = PBXSourcesBuildPhase;
			buildActionMask = 2147483647;
			files = (
				93B4C6B41F50724C0088A2A0 /* WeatherCollectionViewCell.swift in Sources */,
				9344D94E1F56C94300592CD5 /* SignUpVC.swift in Sources */,
				93B4C6B61F50B2A50088A2A0 /* MapViewVC.swift in Sources */,
				93CBC71C1F5045E600B4FE54 /* WeatherDataManager.swift in Sources */,
				9344D9501F56C95400592CD5 /* LoginVC.swift in Sources */,
				937DFF511F50649500C04FAD /* DayWeather.swift in Sources */,
				93CBC7061F50449A00B4FE54 /* AppDelegate.swift in Sources */,
				93CBC71A1F5045B900B4FE54 /* WeatherCollectionVC.swift in Sources */,
				93D374CC1F51C7C90087068F /* SettingsVC.swift in Sources */,
				931425F01F532A65007DE3E7 /* HourWeather.swift in Sources */,
			);
			runOnlyForDeploymentPostprocessing = 0;
		};
/* End PBXSourcesBuildPhase section */

/* Begin PBXVariantGroup section */
		93CBC7091F50449A00B4FE54 /* Main.storyboard */ = {
			isa = PBXVariantGroup;
			children = (
				93CBC70A1F50449A00B4FE54 /* Base */,
			);
			name = Main.storyboard;
			sourceTree = "<group>";
		};
		93CBC70E1F50449A00B4FE54 /* LaunchScreen.storyboard */ = {
			isa = PBXVariantGroup;
			children = (
				93CBC70F1F50449A00B4FE54 /* Base */,
			);
			name = LaunchScreen.storyboard;
			sourceTree = "<group>";
		};
/* End PBXVariantGroup section */

/* Begin XCBuildConfiguration section */
		93CBC7121F50449A00B4FE54 /* Debug */ = {
			isa = XCBuildConfiguration;
			buildSettings = {
				ALWAYS_SEARCH_USER_PATHS = NO;
				CLANG_ANALYZER_NONNULL = YES;
				CLANG_ANALYZER_NUMBER_OBJECT_CONVERSION = YES_AGGRESSIVE;
				CLANG_CXX_LANGUAGE_STANDARD = "gnu++0x";
				CLANG_CXX_LIBRARY = "libc++";
				CLANG_ENABLE_MODULES = YES;
				CLANG_ENABLE_OBJC_ARC = YES;
				CLANG_WARN_BOOL_CONVERSION = YES;
				CLANG_WARN_CONSTANT_CONVERSION = YES;
				CLANG_WARN_DIRECT_OBJC_ISA_USAGE = YES_ERROR;
				CLANG_WARN_DOCUMENTATION_COMMENTS = YES;
				CLANG_WARN_EMPTY_BODY = YES;
				CLANG_WARN_ENUM_CONVERSION = YES;
				CLANG_WARN_INFINITE_RECURSION = YES;
				CLANG_WARN_INT_CONVERSION = YES;
				CLANG_WARN_OBJC_ROOT_CLASS = YES_ERROR;
				CLANG_WARN_SUSPICIOUS_MOVE = YES;
				CLANG_WARN_UNREACHABLE_CODE = YES;
				CLANG_WARN__DUPLICATE_METHOD_MATCH = YES;
				"CODE_SIGN_IDENTITY[sdk=iphoneos*]" = "iPhone Developer";
				COPY_PHASE_STRIP = NO;
				DEBUG_INFORMATION_FORMAT = dwarf;
				ENABLE_STRICT_OBJC_MSGSEND = YES;
				ENABLE_TESTABILITY = YES;
				GCC_C_LANGUAGE_STANDARD = gnu99;
				GCC_DYNAMIC_NO_PIC = NO;
				GCC_NO_COMMON_BLOCKS = YES;
				GCC_OPTIMIZATION_LEVEL = 0;
				GCC_PREPROCESSOR_DEFINITIONS = (
					"DEBUG=1",
					"$(inherited)",
				);
				GCC_WARN_64_TO_32_BIT_CONVERSION = YES;
				GCC_WARN_ABOUT_RETURN_TYPE = YES_ERROR;
				GCC_WARN_UNDECLARED_SELECTOR = YES;
				GCC_WARN_UNINITIALIZED_AUTOS = YES_AGGRESSIVE;
				GCC_WARN_UNUSED_FUNCTION = YES;
				GCC_WARN_UNUSED_VARIABLE = YES;
				IPHONEOS_DEPLOYMENT_TARGET = 10.3;
				MTL_ENABLE_DEBUG_INFO = YES;
				ONLY_ACTIVE_ARCH = YES;
				SDKROOT = iphoneos;
				SWIFT_ACTIVE_COMPILATION_CONDITIONS = DEBUG;
				SWIFT_OPTIMIZATION_LEVEL = "-Onone";
				TARGETED_DEVICE_FAMILY = "1,2";
			};
			name = Debug;
		};
		93CBC7131F50449A00B4FE54 /* Release */ = {
			isa = XCBuildConfiguration;
			buildSettings = {
				ALWAYS_SEARCH_USER_PATHS = NO;
				CLANG_ANALYZER_NONNULL = YES;
				CLANG_ANALYZER_NUMBER_OBJECT_CONVERSION = YES_AGGRESSIVE;
				CLANG_CXX_LANGUAGE_STANDARD = "gnu++0x";
				CLANG_CXX_LIBRARY = "libc++";
				CLANG_ENABLE_MODULES = YES;
				CLANG_ENABLE_OBJC_ARC = YES;
				CLANG_WARN_BOOL_CONVERSION = YES;
				CLANG_WARN_CONSTANT_CONVERSION = YES;
				CLANG_WARN_DIRECT_OBJC_ISA_USAGE = YES_ERROR;
				CLANG_WARN_DOCUMENTATION_COMMENTS = YES;
				CLANG_WARN_EMPTY_BODY = YES;
				CLANG_WARN_ENUM_CONVERSION = YES;
				CLANG_WARN_INFINITE_RECURSION = YES;
				CLANG_WARN_INT_CONVERSION = YES;
				CLANG_WARN_OBJC_ROOT_CLASS = YES_ERROR;
				CLANG_WARN_SUSPICIOUS_MOVE = YES;
				CLANG_WARN_UNREACHABLE_CODE = YES;
				CLANG_WARN__DUPLICATE_METHOD_MATCH = YES;
				"CODE_SIGN_IDENTITY[sdk=iphoneos*]" = "iPhone Developer";
				COPY_PHASE_STRIP = NO;
				DEBUG_INFORMATION_FORMAT = "dwarf-with-dsym";
				ENABLE_NS_ASSERTIONS = NO;
				ENABLE_STRICT_OBJC_MSGSEND = YES;
				GCC_C_LANGUAGE_STANDARD = gnu99;
				GCC_NO_COMMON_BLOCKS = YES;
				GCC_WARN_64_TO_32_BIT_CONVERSION = YES;
				GCC_WARN_ABOUT_RETURN_TYPE = YES_ERROR;
				GCC_WARN_UNDECLARED_SELECTOR = YES;
				GCC_WARN_UNINITIALIZED_AUTOS = YES_AGGRESSIVE;
				GCC_WARN_UNUSED_FUNCTION = YES;
				GCC_WARN_UNUSED_VARIABLE = YES;
				IPHONEOS_DEPLOYMENT_TARGET = 10.3;
				MTL_ENABLE_DEBUG_INFO = NO;
				SDKROOT = iphoneos;
				SWIFT_OPTIMIZATION_LEVEL = "-Owholemodule";
				TARGETED_DEVICE_FAMILY = "1,2";
				VALIDATE_PRODUCT = YES;
			};
			name = Release;
		};
		93CBC7151F50449A00B4FE54 /* Debug */ = {
			isa = XCBuildConfiguration;
			buildSettings = {
				ASSETCATALOG_COMPILER_APPICON_NAME = AppIcon;
				DEVELOPMENT_TEAM = CALM89H945;
				INFOPLIST_FILE = WeatherApp/Info.plist;
				IPHONEOS_DEPLOYMENT_TARGET = 8.0;
				LD_RUNPATH_SEARCH_PATHS = "$(inherited) @executable_path/Frameworks";
				PRODUCT_BUNDLE_IDENTIFIER = com.georgeddavies.WeatherApp;
				PRODUCT_NAME = "$(TARGET_NAME)";
				SWIFT_VERSION = 3.0;
			};
			name = Debug;
		};
		93CBC7161F50449A00B4FE54 /* Release */ = {
			isa = XCBuildConfiguration;
			buildSettings = {
				ASSETCATALOG_COMPILER_APPICON_NAME = AppIcon;
				DEVELOPMENT_TEAM = CALM89H945;
				INFOPLIST_FILE = WeatherApp/Info.plist;
				IPHONEOS_DEPLOYMENT_TARGET = 8.0;
				LD_RUNPATH_SEARCH_PATHS = "$(inherited) @executable_path/Frameworks";
				PRODUCT_BUNDLE_IDENTIFIER = com.georgeddavies.WeatherApp;
				PRODUCT_NAME = "$(TARGET_NAME)";
				SWIFT_VERSION = 3.0;
			};
			name = Release;
		};
/* End XCBuildConfiguration section */

/* Begin XCConfigurationList section */
		93CBC6FD1F50449A00B4FE54 /* Build configuration list for PBXProject "WeatherApp" */ = {
			isa = XCConfigurationList;
			buildConfigurations = (
				93CBC7121F50449A00B4FE54 /* Debug */,
				93CBC7131F50449A00B4FE54 /* Release */,
			);
			defaultConfigurationIsVisible = 0;
			defaultConfigurationName = Release;
		};
		93CBC7141F50449A00B4FE54 /* Build configuration list for PBXNativeTarget "WeatherApp" */ = {
			isa = XCConfigurationList;
			buildConfigurations = (
				93CBC7151F50449A00B4FE54 /* Debug */,
				93CBC7161F50449A00B4FE54 /* Release */,
			);
			defaultConfigurationIsVisible = 0;
			defaultConfigurationName = Release;
		};
/* End XCConfigurationList section */
	};
	rootObject = 93CBC6FA1F50449A00B4FE54 /* Project object */;
}
